{
    "name": "classes-e-encapsulamento",
    "version": "1.0.0",
    "lockfileVersion": 2,
    "requires": true,
    "packages": {
        "": {
            "version": "1.0.0",
            "license": "ISC",
            "dependencies": {
                "@types/node": "^16.4.10"
            }
        },
        "node_modules/@types/node": {
            "version": "16.4.10",
            "resolved": "https://registry.npmjs.org/@types/node/-/node-16.4.10.tgz",
            "integrity": "sha512-TmVHsm43br64js9BqHWqiDZA+xMtbUpI1MBIA0EyiBmoV9pcEYFOSdj5fr6enZNfh4fChh+AGOLIzGwJnkshyQ=="
        }
    },
    "dependencies": {
        "@types/node": {
            "version": "16.4.10",
            "resolved": "https://registry.npmjs.org/@types/node/-/node-16.4.10.tgz",
            "integrity": "sha512-TmVHsm43br64js9BqHWqiDZA+xMtbUpI1MBIA0EyiBmoV9pcEYFOSdj5fr6enZNfh4fChh+AGOLIzGwJnkshyQ=="
        }
    }
}
